
Microsoft Visual Studio Solution File, Format Version 12.00
# Visual Studio Version 16
VisualStudioVersion = 16.0.31205.134
MinimumVisualStudioVersion = 10.0.40219.1
Project("{FAE04EC0-301F-11D3-BF4B-00C04F79EFBC}") = "Palindrome", "Palindrome.csproj", "{6E82A9FA-437D-466E-885B-E3A89044E5CD}"
EndProject
Global
	GlobalSection(SolutionConfigurationPlatforms) = preSolution
		Debug|Any CPU = Debug|Any CPU
		Release|Any CPU = Release|Any CPU
	EndGlobalSection
	GlobalSection(ProjectConfigurationPlatforms) = postSolution
		{6E82A9FA-437D-466E-885B-E3A89044E5CD}.Debug|Any CPU.ActiveCfg = Debug|Any CPU
		{6E82A9FA-437D-466E-885B-E3A89044E5CD}.Debug|Any CPU.Build.0 = Debug|Any CPU
		{6E82A9FA-437D-466E-885B-E3A89044E5CD}.Release|Any CPU.ActiveCfg = Release|Any CPU
		{6E82A9FA-437D-466E-885B-E3A89044E5CD}.Release|Any CPU.Build.0 = Release|Any CPU
	EndGlobalSection
	GlobalSection(SolutionProperties) = preSolution
		HideSolutionNode = FALSE
	EndGlobalSection
	GlobalSection(ExtensibilityGlobals) = postSolution
		SolutionGuid = {E7A75C0A-C4C3-418D-8313-CE009FAD94D2}
	EndGlobalSection
EndGlobal
