
Microsoft Visual Studio Solution File, Format Version 12.00
# Visual Studio Version 16
VisualStudioVersion = 16.0.31205.134
MinimumVisualStudioVersion = 10.0.40219.1
Project("{FAE04EC0-301F-11D3-BF4B-00C04F79EFBC}") = "Practice", "Practice.csproj", "{DBD39422-013E-4F18-A580-4A21318D84FE}"
EndProject
Global
	GlobalSection(SolutionConfigurationPlatforms) = preSolution
		Debug|Any CPU = Debug|Any CPU
		Release|Any CPU = Release|Any CPU
	EndGlobalSection
	GlobalSection(ProjectConfigurationPlatforms) = postSolution
		{DBD39422-013E-4F18-A580-4A21318D84FE}.Debug|Any CPU.ActiveCfg = Debug|Any CPU
		{DBD39422-013E-4F18-A580-4A21318D84FE}.Debug|Any CPU.Build.0 = Debug|Any CPU
		{DBD39422-013E-4F18-A580-4A21318D84FE}.Release|Any CPU.ActiveCfg = Release|Any CPU
		{DBD39422-013E-4F18-A580-4A21318D84FE}.Release|Any CPU.Build.0 = Release|Any CPU
	EndGlobalSection
	GlobalSection(SolutionProperties) = preSolution
		HideSolutionNode = FALSE
	EndGlobalSection
	GlobalSection(ExtensibilityGlobals) = postSolution
		SolutionGuid = {7EE6EFA7-875A-4502-B30E-B87E1F82310D}
	EndGlobalSection
EndGlobal
