
Microsoft Visual Studio Solution File, Format Version 12.00
# Visual Studio Version 16
VisualStudioVersion = 16.0.31205.134
MinimumVisualStudioVersion = 10.0.40219.1
Project("{FAE04EC0-301F-11D3-BF4B-00C04F79EFBC}") = "Assignment", "Assignment.csproj", "{40E01A4A-9B4F-4E27-B47E-0E05080ED0AA}"
EndProject
Global
	GlobalSection(SolutionConfigurationPlatforms) = preSolution
		Debug|Any CPU = Debug|Any CPU
		Release|Any CPU = Release|Any CPU
	EndGlobalSection
	GlobalSection(ProjectConfigurationPlatforms) = postSolution
		{40E01A4A-9B4F-4E27-B47E-0E05080ED0AA}.Debug|Any CPU.ActiveCfg = Debug|Any CPU
		{40E01A4A-9B4F-4E27-B47E-0E05080ED0AA}.Debug|Any CPU.Build.0 = Debug|Any CPU
		{40E01A4A-9B4F-4E27-B47E-0E05080ED0AA}.Release|Any CPU.ActiveCfg = Release|Any CPU
		{40E01A4A-9B4F-4E27-B47E-0E05080ED0AA}.Release|Any CPU.Build.0 = Release|Any CPU
	EndGlobalSection
	GlobalSection(SolutionProperties) = preSolution
		HideSolutionNode = FALSE
	EndGlobalSection
	GlobalSection(ExtensibilityGlobals) = postSolution
		SolutionGuid = {41386539-3E72-4B11-9601-7729DC2266C2}
	EndGlobalSection
EndGlobal
