
Microsoft Visual Studio Solution File, Format Version 12.00
# Visual Studio Version 16
VisualStudioVersion = 16.0.31205.134
MinimumVisualStudioVersion = 10.0.40219.1
Project("{FAE04EC0-301F-11D3-BF4B-00C04F79EFBC}") = "LINQ", "LINQ.csproj", "{10935214-174E-44BA-9359-8F93E6E3C840}"
EndProject
Global
	GlobalSection(SolutionConfigurationPlatforms) = preSolution
		Debug|Any CPU = Debug|Any CPU
		Release|Any CPU = Release|Any CPU
	EndGlobalSection
	GlobalSection(ProjectConfigurationPlatforms) = postSolution
		{10935214-174E-44BA-9359-8F93E6E3C840}.Debug|Any CPU.ActiveCfg = Debug|Any CPU
		{10935214-174E-44BA-9359-8F93E6E3C840}.Debug|Any CPU.Build.0 = Debug|Any CPU
		{10935214-174E-44BA-9359-8F93E6E3C840}.Release|Any CPU.ActiveCfg = Release|Any CPU
		{10935214-174E-44BA-9359-8F93E6E3C840}.Release|Any CPU.Build.0 = Release|Any CPU
	EndGlobalSection
	GlobalSection(SolutionProperties) = preSolution
		HideSolutionNode = FALSE
	EndGlobalSection
	GlobalSection(ExtensibilityGlobals) = postSolution
		SolutionGuid = {826506B5-2442-4A81-8E81-9A9A4E046107}
	EndGlobalSection
EndGlobal
