
Microsoft Visual Studio Solution File, Format Version 12.00
# Visual Studio Version 16
VisualStudioVersion = 16.0.31205.134
MinimumVisualStudioVersion = 10.0.40219.1
Project("{FAE04EC0-301F-11D3-BF4B-00C04F79EFBC}") = "Recursion", "Recursion.csproj", "{8258BBEC-EDF3-499B-BE47-FD147987DBB6}"
EndProject
Global
	GlobalSection(SolutionConfigurationPlatforms) = preSolution
		Debug|Any CPU = Debug|Any CPU
		Release|Any CPU = Release|Any CPU
	EndGlobalSection
	GlobalSection(ProjectConfigurationPlatforms) = postSolution
		{8258BBEC-EDF3-499B-BE47-FD147987DBB6}.Debug|Any CPU.ActiveCfg = Debug|Any CPU
		{8258BBEC-EDF3-499B-BE47-FD147987DBB6}.Debug|Any CPU.Build.0 = Debug|Any CPU
		{8258BBEC-EDF3-499B-BE47-FD147987DBB6}.Release|Any CPU.ActiveCfg = Release|Any CPU
		{8258BBEC-EDF3-499B-BE47-FD147987DBB6}.Release|Any CPU.Build.0 = Release|Any CPU
	EndGlobalSection
	GlobalSection(SolutionProperties) = preSolution
		HideSolutionNode = FALSE
	EndGlobalSection
	GlobalSection(ExtensibilityGlobals) = postSolution
		SolutionGuid = {7F263C42-D2B1-4497-B19B-0AED6EF24B3C}
	EndGlobalSection
EndGlobal
